
Microsoft Visual Studio Solution File, Format Version 12.00
# Visual Studio Version 17
VisualStudioVersion = 17.0.31903.59
MinimumVisualStudioVersion = 10.0.40219.1
Project("{FAE04EC0-301F-11D3-BF4B-00C04F79EFBC}") = "L0gg3r.LogSinks.Console.SmartConsoleLogSink", "src\L0gg3r.LogSinks.Console.SmartConsoleLogSink.csproj", "{FF30F4CB-211A-4AC5-987D-18005C9ED48F}"
EndProject
Project("{2150E333-8FDC-42A3-9474-1A3956D46DE8}") = "tests", "tests", "{C6019D7E-4BEC-474C-8F84-7D2EEA51D34E}"
EndProject
Project("{2150E333-8FDC-42A3-9474-1A3956D46DE8}") = "SmartConsoleLogSinkTests", "SmartConsoleLogSinkTests", "{6410E19C-6ABB-487D-ABE2-B3388B6801E4}"
EndProject
Project("{FAE04EC0-301F-11D3-BF4B-00C04F79EFBC}") = "SmartConsoleLogSinkTests", "tests\LogMessageWriterTests\src\SmartConsoleLogSinkTests.csproj", "{DA299512-99C9-4531-AA4E-4C7530427637}"
EndProject
Project("{2150E333-8FDC-42A3-9474-1A3956D46DE8}") = "OutputTests", "OutputTests", "{9357D3AD-BEB3-43CA-A742-7604DA38BA3F}"
EndProject
Project("{FAE04EC0-301F-11D3-BF4B-00C04F79EFBC}") = "OutputTests", "tests\OutputTests\src\OutputTests.csproj", "{C612E7E4-63FB-4985-9C32-E4C8D3EC0734}"
EndProject
Project("{FAE04EC0-301F-11D3-BF4B-00C04F79EFBC}") = "L0gg3r.LogSinks.Console.Base", "..\L0gg3r.LogSinks.Console.Base\src\L0gg3r.LogSinks.Console.Base.csproj", "{1775843B-CF4E-41AD-BBC4-AA04581F0C8F}"
EndProject
Project("{FAE04EC0-301F-11D3-BF4B-00C04F79EFBC}") = "L0gg3r.LogSinks.Base", "..\L0gg3r.LogSinks.Base\src\L0gg3r.LogSinks.Base.csproj", "{5F5CB902-7DC9-4653-9EAF-6A10F52DEB97}"
EndProject
Global
	GlobalSection(SolutionConfigurationPlatforms) = preSolution
		Debug|Any CPU = Debug|Any CPU
		Release|Any CPU = Release|Any CPU
	EndGlobalSection
	GlobalSection(ProjectConfigurationPlatforms) = postSolution
		{FF30F4CB-211A-4AC5-987D-18005C9ED48F}.Debug|Any CPU.ActiveCfg = Debug|Any CPU
		{FF30F4CB-211A-4AC5-987D-18005C9ED48F}.Debug|Any CPU.Build.0 = Debug|Any CPU
		{FF30F4CB-211A-4AC5-987D-18005C9ED48F}.Release|Any CPU.ActiveCfg = Release|Any CPU
		{FF30F4CB-211A-4AC5-987D-18005C9ED48F}.Release|Any CPU.Build.0 = Release|Any CPU
		{DA299512-99C9-4531-AA4E-4C7530427637}.Debug|Any CPU.ActiveCfg = Debug|Any CPU
		{DA299512-99C9-4531-AA4E-4C7530427637}.Debug|Any CPU.Build.0 = Debug|Any CPU
		{DA299512-99C9-4531-AA4E-4C7530427637}.Release|Any CPU.ActiveCfg = Release|Any CPU
		{DA299512-99C9-4531-AA4E-4C7530427637}.Release|Any CPU.Build.0 = Release|Any CPU
		{C612E7E4-63FB-4985-9C32-E4C8D3EC0734}.Debug|Any CPU.ActiveCfg = Debug|Any CPU
		{C612E7E4-63FB-4985-9C32-E4C8D3EC0734}.Debug|Any CPU.Build.0 = Debug|Any CPU
		{C612E7E4-63FB-4985-9C32-E4C8D3EC0734}.Release|Any CPU.ActiveCfg = Release|Any CPU
		{C612E7E4-63FB-4985-9C32-E4C8D3EC0734}.Release|Any CPU.Build.0 = Release|Any CPU
		{1775843B-CF4E-41AD-BBC4-AA04581F0C8F}.Debug|Any CPU.ActiveCfg = Debug|Any CPU
		{1775843B-CF4E-41AD-BBC4-AA04581F0C8F}.Debug|Any CPU.Build.0 = Debug|Any CPU
		{1775843B-CF4E-41AD-BBC4-AA04581F0C8F}.Release|Any CPU.ActiveCfg = Release|Any CPU
		{1775843B-CF4E-41AD-BBC4-AA04581F0C8F}.Release|Any CPU.Build.0 = Release|Any CPU
		{5F5CB902-7DC9-4653-9EAF-6A10F52DEB97}.Debug|Any CPU.ActiveCfg = Debug|Any CPU
		{5F5CB902-7DC9-4653-9EAF-6A10F52DEB97}.Debug|Any CPU.Build.0 = Debug|Any CPU
		{5F5CB902-7DC9-4653-9EAF-6A10F52DEB97}.Release|Any CPU.ActiveCfg = Release|Any CPU
		{5F5CB902-7DC9-4653-9EAF-6A10F52DEB97}.Release|Any CPU.Build.0 = Release|Any CPU
	EndGlobalSection
	GlobalSection(SolutionProperties) = preSolution
		HideSolutionNode = FALSE
	EndGlobalSection
	GlobalSection(NestedProjects) = preSolution
		{6410E19C-6ABB-487D-ABE2-B3388B6801E4} = {C6019D7E-4BEC-474C-8F84-7D2EEA51D34E}
		{DA299512-99C9-4531-AA4E-4C7530427637} = {6410E19C-6ABB-487D-ABE2-B3388B6801E4}
		{9357D3AD-BEB3-43CA-A742-7604DA38BA3F} = {C6019D7E-4BEC-474C-8F84-7D2EEA51D34E}
		{C612E7E4-63FB-4985-9C32-E4C8D3EC0734} = {9357D3AD-BEB3-43CA-A742-7604DA38BA3F}
	EndGlobalSection
EndGlobal
