{
  "version": 1,
  "dependencies": {
    "net8.0": {
      "L0gg3r.CodeAnalyzer": {
        "type": "Direct",
        "requested": "[1.*-*, 2.0.0)",
        "resolved": "1.0.0-preview.2",
        "contentHash": "sieb6Ug+WYRoZjfV9MxwtPp5PwuSmmT3pHXuriR6pP9CTkNLYVa2aQK2qCt1b4HzdZPDIm8u4xJ3e1O9GYDRqg==",
        "dependencies": {
          "StyleCop.Analyzers": "1.2.0-beta.556"
        }
      },
      "Microsoft.CodeAnalysis.PublicApiAnalyzers": {
        "type": "Direct",
        "requested": "[3.3.0, )",
        "resolved": "3.3.0",
        "contentHash": "upaG6u/PxjkOj39Kk0DLmmA75acYChmv6/HnOUxvSgGWul53uPcVaPxBWCzkHDfIljyiq5qeIG+CatT8x8FAEA=="
      },
      "SmartFormat.NET": {
        "type": "Direct",
        "requested": "[3.3.2, )",
        "resolved": "3.3.2",
        "contentHash": "us5phP2A/tVtlk9ermnwSfZfDuih87aNb55v5prkryJQOdXljtF4Ycc6Zspfw0VIU3i2gudO2enV8675x7M7Gw==",
        "dependencies": {
          "SmartFormat": "3.3.2",
          "SmartFormat.Extensions.Newtonsoft.Json": "3.3.2",
          "SmartFormat.Extensions.System.Text.Json": "3.3.2",
          "SmartFormat.Extensions.Time": "3.3.2",
          "SmartFormat.Extensions.Xml": "3.3.2"
        }
      },
      "Newtonsoft.Json": {
        "type": "Transitive",
        "resolved": "13.0.1",
        "contentHash": "ppPFpBcvxdsfUonNcvITKqLl3bqxWbDCZIzDWHzjpdAHRFfZe0Dw9HmA0+za13IdyrgJwpkDTDA9fHaxOrt20A=="
      },
      "SmartFormat": {
        "type": "Transitive",
        "resolved": "3.3.2",
        "contentHash": "iia17nuZFLe7q/pBLoVi0iKKG8SpWvZlfldkWT2HRQaR+UAi/O8UX/fhYJpWQJTNzznAK0BEUT8+0sM8G+Z/8Q==",
        "dependencies": {
          "System.Memory": "4.5.5",
          "System.ValueTuple": "4.5.0"
        }
      },
      "SmartFormat.Extensions.Newtonsoft.Json": {
        "type": "Transitive",
        "resolved": "3.3.2",
        "contentHash": "d4zqcwwxlOu7pSIEZojVcM4w4gpHab2MxTlY1jU/iPPnTbOjsdaMzpp+CbvpvAXyzEZu4Yy6zYN0olvbG/AOQQ==",
        "dependencies": {
          "Newtonsoft.Json": "13.0.1",
          "SmartFormat": "3.3.2"
        }
      },
      "SmartFormat.Extensions.System.Text.Json": {
        "type": "Transitive",
        "resolved": "3.3.2",
        "contentHash": "2RASQu8fq4dByaZtNCWRVJRSzKIRJVdrzlS9xdrhv5qtH45dylavfmH8bsIphMmUtuPX1CROvhE/q7fxdtuIbw==",
        "dependencies": {
          "SmartFormat": "3.3.2",
          "System.Text.Json": "6.0.2"
        }
      },
      "SmartFormat.Extensions.Time": {
        "type": "Transitive",
        "resolved": "3.3.2",
        "contentHash": "hdffsY/PGEqQbwd+rNVacGXqDdnXmfN+CLzedUa6dzd0j3nvwVMbSDTd9Sq5B072QtjMYqgMPCt6g+DuhDfN8g==",
        "dependencies": {
          "SmartFormat": "3.3.2"
        }
      },
      "SmartFormat.Extensions.Xml": {
        "type": "Transitive",
        "resolved": "3.3.2",
        "contentHash": "EJV/ZFL/o7nysYx7Pw4vxU7XYIfhEhOHfO468FWwC9Eo9I4T/jM8NAejc66wCMwcalQJPPjEuQyYnBEJ1sH9zA==",
        "dependencies": {
          "SmartFormat": "3.3.2"
        }
      },
      "StyleCop.Analyzers": {
        "type": "Transitive",
        "resolved": "1.2.0-beta.556",
        "contentHash": "llRPgmA1fhC0I0QyFLEcjvtM2239QzKr/tcnbsjArLMJxJlu0AA5G7Fft0OI30pHF3MW63Gf4aSSsjc5m82J1Q==",
        "dependencies": {
          "StyleCop.Analyzers.Unstable": "1.2.0.556"
        }
      },
      "StyleCop.Analyzers.Unstable": {
        "type": "Transitive",
        "resolved": "1.2.0.556",
        "contentHash": "zvn9Mqs/ox/83cpYPignI8hJEM2A93s2HkHs8HYMOAQW0PkampyoErAiIyKxgTLqbbad29HX/shv/6LGSjPJNQ=="
      },
      "System.Memory": {
        "type": "Transitive",
        "resolved": "4.5.5",
        "contentHash": "XIWiDvKPXaTveaB7HVganDlOCRoj03l+jrwNvcge/t8vhGYKvqV+dMv6G4SAX2NoNmN0wZfVPTAlFwZcZvVOUw=="
      },
      "System.Runtime.CompilerServices.Unsafe": {
        "type": "Transitive",
        "resolved": "6.0.0",
        "contentHash": "/iUeP3tq1S0XdNNoMz5C9twLSrM/TH+qElHkXWaPvuNOt+99G75NrV0OS2EqHx5wMN7popYjpc8oTjC1y16DLg=="
      },
      "System.Text.Encodings.Web": {
        "type": "Transitive",
        "resolved": "6.0.0",
        "contentHash": "Vg8eB5Tawm1IFqj4TVK1czJX89rhFxJo9ELqc/Eiq0eXy13RK00eubyU6TJE6y+GQXjyV5gSfiewDUZjQgSE0w==",
        "dependencies": {
          "System.Runtime.CompilerServices.Unsafe": "6.0.0"
        }
      },
      "System.Text.Json": {
        "type": "Transitive",
        "resolved": "6.0.2",
        "contentHash": "0nE2gwXLn3PTBOPwORLqwuYvWB+Beomt9ZBX+6LmogMNKUvfD1SoDb/ycB1vBntT94rGaB/SvxEyeLu14H6aEg==",
        "dependencies": {
          "System.Runtime.CompilerServices.Unsafe": "6.0.0",
          "System.Text.Encodings.Web": "6.0.0"
        }
      },
      "System.ValueTuple": {
        "type": "Transitive",
        "resolved": "4.5.0",
        "contentHash": "okurQJO6NRE/apDIP23ajJ0hpiNmJ+f0BwOlB/cSqTLQlw5upkf+5+96+iG2Jw40G1fCVCyPz/FhIABUjMR+RQ=="
      },
      "l0gg3r": {
        "type": "Project"
      },
      "l0gg3r.logsinks.console.base": {
        "type": "Project",
        "dependencies": {
          "L0gg3r": "[1.0.0, )"
        }
      }
    }
  }
}